// !$*UTF8*$!
{
	archiveVersion = 1;
	classes = {
	};
	objectVersion = 50;
	objects = {

/* Begin PBXBuildFile section */
		E532BFE323FB30F900BF6811 /* ItemViewController.swift in Sources */ = {isa = PBXBuildFile; fileRef = E532BFE223FB30F900BF6811 /* ItemViewController.swift */; };
		E5500D2323FAF2AB00296DA3 /* AppDelegate.swift in Sources */ = {isa = PBXBuildFile; fileRef = E5500D2223FAF2AB00296DA3 /* AppDelegate.swift */; };
		E5500D2523FAF2AB00296DA3 /* SceneDelegate.swift in Sources */ = {isa = PBXBuildFile; fileRef = E5500D2423FAF2AB00296DA3 /* SceneDelegate.swift */; };
		E5500D2723FAF2AB00296DA3 /* CheckListViewController.swift in Sources */ = {isa = PBXBuildFile; fileRef = E5500D2623FAF2AB00296DA3 /* CheckListViewController.swift */; };
		E5500D2A23FAF2AB00296DA3 /* Main.storyboard in Resources */ = {isa = PBXBuildFile; fileRef = E5500D2823FAF2AB00296DA3 /* Main.storyboard */; };
		E5500D2C23FAF2AC00296DA3 /* Assets.xcassets in Resources */ = {isa = PBXBuildFile; fileRef = E5500D2B23FAF2AC00296DA3 /* Assets.xcassets */; };
		E5500D2F23FAF2AC00296DA3 /* LaunchScreen.storyboard in Resources */ = {isa = PBXBuildFile; fileRef = E5500D2D23FAF2AC00296DA3 /* LaunchScreen.storyboard */; };
		E5F4134223FB0B95004EB758 /* CheckListItem.swift in Sources */ = {isa = PBXBuildFile; fileRef = E5F4134123FB0B95004EB758 /* CheckListItem.swift */; };
		E5F4134623FB0D42004EB758 /* TodoList.swift in Sources */ = {isa = PBXBuildFile; fileRef = E5F4134523FB0D42004EB758 /* TodoList.swift */; };
/* End PBXBuildFile section */

/* Begin PBXFileReference section */
		E532BFE223FB30F900BF6811 /* ItemViewController.swift */ = {isa = PBXFileReference; lastKnownFileType = sourcecode.swift; path = ItemViewController.swift; sourceTree = "<group>"; };
		E5500D1F23FAF2AB00296DA3 /* TodoChecklist.app */ = {isa = PBXFileReference; explicitFileType = wrapper.application; includeInIndex = 0; path = TodoChecklist.app; sourceTree = BUILT_PRODUCTS_DIR; };
		E5500D2223FAF2AB00296DA3 /* AppDelegate.swift */ = {isa = PBXFileReference; lastKnownFileType = sourcecode.swift; path = AppDelegate.swift; sourceTree = "<group>"; };
		E5500D2423FAF2AB00296DA3 /* SceneDelegate.swift */ = {isa = PBXFileReference; lastKnownFileType = sourcecode.swift; path = SceneDelegate.swift; sourceTree = "<group>"; };
		E5500D2623FAF2AB00296DA3 /* CheckListViewController.swift */ = {isa = PBXFileReference; lastKnownFileType = sourcecode.swift; path = CheckListViewController.swift; sourceTree = "<group>"; };
		E5500D2923FAF2AB00296DA3 /* Base */ = {isa = PBXFileReference; lastKnownFileType = file.storyboard; name = Base; path = Base.lproj/Main.storyboard; sourceTree = "<group>"; };
		E5500D2B23FAF2AC00296DA3 /* Assets.xcassets */ = {isa = PBXFileReference; lastKnownFileType = folder.assetcatalog; path = Assets.xcassets; sourceTree = "<group>"; };
		E5500D2E23FAF2AC00296DA3 /* Base */ = {isa = PBXFileReference; lastKnownFileType = file.storyboard; name = Base; path = Base.lproj/LaunchScreen.storyboard; sourceTree = "<group>"; };
		E5500D3023FAF2AC00296DA3 /* Info.plist */ = {isa = PBXFileReference; lastKnownFileType = text.plist.xml; path = Info.plist; sourceTree = "<group>"; };
		E5F4134123FB0B95004EB758 /* CheckListItem.swift */ = {isa = PBXFileReference; lastKnownFileType = sourcecode.swift; path = CheckListItem.swift; sourceTree = "<group>"; };
		E5F4134523FB0D42004EB758 /* TodoList.swift */ = {isa = PBXFileReference; lastKnownFileType = sourcecode.swift; path = TodoList.swift; sourceTree = "<group>"; };
/* End PBXFileReference section */

/* Begin PBXFrameworksBuildPhase section */
		E5500D1C23FAF2AB00296DA3 /* Frameworks */ = {
			isa = PBXFrameworksBuildPhase;
			buildActionMask = 2147483647;
			files = (
			);
			runOnlyForDeploymentPostprocessing = 0;
		};
/* End PBXFrameworksBuildPhase section */

/* Begin PBXGroup section */
		E5500D1623FAF2AB00296DA3 = {
			isa = PBXGroup;
			children = (
				E5500D2123FAF2AB00296DA3 /* TodoChecklist */,
				E5500D2023FAF2AB00296DA3 /* Products */,
			);
			sourceTree = "<group>";
		};
		E5500D2023FAF2AB00296DA3 /* Products */ = {
			isa = PBXGroup;
			children = (
				E5500D1F23FAF2AB00296DA3 /* TodoChecklist.app */,
			);
			name = Products;
			sourceTree = "<group>";
		};
		E5500D2123FAF2AB00296DA3 /* TodoChecklist */ = {
			isa = PBXGroup;
			children = (
				E5F4134023FB0B77004EB758 /* Models */,
				E5F4134323FB0C4C004EB758 /* Controllers */,
				E5500D2223FAF2AB00296DA3 /* AppDelegate.swift */,
				E5500D2423FAF2AB00296DA3 /* SceneDelegate.swift */,
				E5500D2823FAF2AB00296DA3 /* Main.storyboard */,
				E5500D2B23FAF2AC00296DA3 /* Assets.xcassets */,
				E5500D2D23FAF2AC00296DA3 /* LaunchScreen.storyboard */,
				E5500D3023FAF2AC00296DA3 /* Info.plist */,
			);
			path = TodoChecklist;
			sourceTree = "<group>";
		};
		E5F4134023FB0B77004EB758 /* Models */ = {
			isa = PBXGroup;
			children = (
				E5F4134523FB0D42004EB758 /* TodoList.swift */,
				E5F4134123FB0B95004EB758 /* CheckListItem.swift */,
			);
			path = Models;
			sourceTree = "<group>";
		};
		E5F4134323FB0C4C004EB758 /* Controllers */ = {
			isa = PBXGroup;
			children = (
				E5500D2623FAF2AB00296DA3 /* CheckListViewController.swift */,
				E532BFE223FB30F900BF6811 /* ItemViewController.swift */,
			);
			path = Controllers;
			sourceTree = "<group>";
		};
/* End PBXGroup section */

/* Begin PBXNativeTarget section */
		E5500D1E23FAF2AB00296DA3 /* TodoChecklist */ = {
			isa = PBXNativeTarget;
			buildConfigurationList = E5500D3323FAF2AC00296DA3 /* Build configuration list for PBXNativeTarget "TodoChecklist" */;
			buildPhases = (
				E5500D1B23FAF2AB00296DA3 /* Sources */,
				E5500D1C23FAF2AB00296DA3 /* Frameworks */,
				E5500D1D23FAF2AB00296DA3 /* Resources */,
			);
			buildRules = (
			);
			dependencies = (
			);
			name = TodoChecklist;
			productName = TodoChecklist;
			productReference = E5500D1F23FAF2AB00296DA3 /* TodoChecklist.app */;
			productType = "com.apple.product-type.application";
		};
/* End PBXNativeTarget section */

/* Begin PBXProject section */
		E5500D1723FAF2AB00296DA3 /* Project object */ = {
			isa = PBXProject;
			attributes = {
				LastSwiftUpdateCheck = 1130;
				LastUpgradeCheck = 1130;
				ORGANIZATIONNAME = syntaks.io;
				TargetAttributes = {
					E5500D1E23FAF2AB00296DA3 = {
						CreatedOnToolsVersion = 11.3.1;
					};
				};
			};
			buildConfigurationList = E5500D1A23FAF2AB00296DA3 /* Build configuration list for PBXProject "TodoChecklist" */;
			compatibilityVersion = "Xcode 9.3";
			developmentRegion = en;
			hasScannedForEncodings = 0;
			knownRegions = (
				en,
				Base,
			);
			mainGroup = E5500D1623FAF2AB00296DA3;
			productRefGroup = E5500D2023FAF2AB00296DA3 /* Products */;
			projectDirPath = "";
			projectRoot = "";
			targets = (
				E5500D1E23FAF2AB00296DA3 /* TodoChecklist */,
			);
		};
/* End PBXProject section */

/* Begin PBXResourcesBuildPhase section */
		E5500D1D23FAF2AB00296DA3 /* Resources */ = {
			isa = PBXResourcesBuildPhase;
			buildActionMask = 2147483647;
			files = (
				E5500D2F23FAF2AC00296DA3 /* LaunchScreen.storyboard in Resources */,
				E5500D2C23FAF2AC00296DA3 /* Assets.xcassets in Resources */,
				E5500D2A23FAF2AB00296DA3 /* Main.storyboard in Resources */,
			);
			runOnlyForDeploymentPostprocessing = 0;
		};
/* End PBXResourcesBuildPhase section */

/* Begin PBXSourcesBuildPhase section */
		E5500D1B23FAF2AB00296DA3 /* Sources */ = {
			isa = PBXSourcesBuildPhase;
			buildActionMask = 2147483647;
			files = (
				E5500D2723FAF2AB00296DA3 /* CheckListViewController.swift in Sources */,
				E5500D2323FAF2AB00296DA3 /* AppDelegate.swift in Sources */,
				E5500D2523FAF2AB00296DA3 /* SceneDelegate.swift in Sources */,
				E5F4134223FB0B95004EB758 /* CheckListItem.swift in Sources */,
				E5F4134623FB0D42004EB758 /* TodoList.swift in Sources */,
				E532BFE323FB30F900BF6811 /* ItemViewController.swift in Sources */,
			);
			runOnlyForDeploymentPostprocessing = 0;
		};
/* End PBXSourcesBuildPhase section */

/* Begin PBXVariantGroup section */
		E5500D2823FAF2AB00296DA3 /* Main.storyboard */ = {
			isa = PBXVariantGroup;
			children = (
				E5500D2923FAF2AB00296DA3 /* Base */,
			);
			name = Main.storyboard;
			sourceTree = "<group>";
		};
		E5500D2D23FAF2AC00296DA3 /* LaunchScreen.storyboard */ = {
			isa = PBXVariantGroup;
			children = (
				E5500D2E23FAF2AC00296DA3 /* Base */,
			);
			name = LaunchScreen.storyboard;
			sourceTree = "<group>";
		};
/* End PBXVariantGroup section */

/* Begin XCBuildConfiguration section */
		E5500D3123FAF2AC00296DA3 /* Debug */ = {
			isa = XCBuildConfiguration;
			buildSettings = {
				ALWAYS_SEARCH_USER_PATHS = NO;
				CLANG_ANALYZER_NONNULL = YES;
				CLANG_ANALYZER_NUMBER_OBJECT_CONVERSION = YES_AGGRESSIVE;
				CLANG_CXX_LANGUAGE_STANDARD = "gnu++14";
				CLANG_CXX_LIBRARY = "libc++";
				CLANG_ENABLE_MODULES = YES;
				CLANG_ENABLE_OBJC_ARC = YES;
				CLANG_ENABLE_OBJC_WEAK = YES;
				CLANG_WARN_BLOCK_CAPTURE_AUTORELEASING = YES;
				CLANG_WARN_BOOL_CONVERSION = YES;
				CLANG_WARN_COMMA = YES;
				CLANG_WARN_CONSTANT_CONVERSION = YES;
				CLANG_WARN_DEPRECATED_OBJC_IMPLEMENTATIONS = YES;
				CLANG_WARN_DIRECT_OBJC_ISA_USAGE = YES_ERROR;
				CLANG_WARN_DOCUMENTATION_COMMENTS = YES;
				CLANG_WARN_EMPTY_BODY = YES;
				CLANG_WARN_ENUM_CONVERSION = YES;
				CLANG_WARN_INFINITE_RECURSION = YES;
				CLANG_WARN_INT_CONVERSION = YES;
				CLANG_WARN_NON_LITERAL_NULL_CONVERSION = YES;
				CLANG_WARN_OBJC_IMPLICIT_RETAIN_SELF = YES;
				CLANG_WARN_OBJC_LITERAL_CONVERSION = YES;
				CLANG_WARN_OBJC_ROOT_CLASS = YES_ERROR;
				CLANG_WARN_RANGE_LOOP_ANALYSIS = YES;
				CLANG_WARN_STRICT_PROTOTYPES = YES;
				CLANG_WARN_SUSPICIOUS_MOVE = YES;
				CLANG_WARN_UNGUARDED_AVAILABILITY = YES_AGGRESSIVE;
				CLANG_WARN_UNREACHABLE_CODE = YES;
				CLANG_WARN__DUPLICATE_METHOD_MATCH = YES;
				COPY_PHASE_STRIP = NO;
				DEBUG_INFORMATION_FORMAT = dwarf;
				ENABLE_STRICT_OBJC_MSGSEND = YES;
				ENABLE_TESTABILITY = YES;
				GCC_C_LANGUAGE_STANDARD = gnu11;
				GCC_DYNAMIC_NO_PIC = NO;
				GCC_NO_COMMON_BLOCKS = YES;
				GCC_OPTIMIZATION_LEVEL = 0;
				GCC_PREPROCESSOR_DEFINITIONS = (
					"DEBUG=1",
					"$(inherited)",
				);
				GCC_WARN_64_TO_32_BIT_CONVERSION = YES;
				GCC_WARN_ABOUT_RETURN_TYPE = YES_ERROR;
				GCC_WARN_UNDECLARED_SELECTOR = YES;
				GCC_WARN_UNINITIALIZED_AUTOS = YES_AGGRESSIVE;
				GCC_WARN_UNUSED_FUNCTION = YES;
				GCC_WARN_UNUSED_VARIABLE = YES;
				IPHONEOS_DEPLOYMENT_TARGET = 13.2;
				MTL_ENABLE_DEBUG_INFO = INCLUDE_SOURCE;
				MTL_FAST_MATH = YES;
				ONLY_ACTIVE_ARCH = YES;
				SDKROOT = iphoneos;
				SWIFT_ACTIVE_COMPILATION_CONDITIONS = DEBUG;
				SWIFT_OPTIMIZATION_LEVEL = "-Onone";
			};
			name = Debug;
		};
		E5500D3223FAF2AC00296DA3 /* Release */ = {
			isa = XCBuildConfiguration;
			buildSettings = {
				ALWAYS_SEARCH_USER_PATHS = NO;
				CLANG_ANALYZER_NONNULL = YES;
				CLANG_ANALYZER_NUMBER_OBJECT_CONVERSION = YES_AGGRESSIVE;
				CLANG_CXX_LANGUAGE_STANDARD = "gnu++14";
				CLANG_CXX_LIBRARY = "libc++";
				CLANG_ENABLE_MODULES = YES;
				CLANG_ENABLE_OBJC_ARC = YES;
				CLANG_ENABLE_OBJC_WEAK = YES;
				CLANG_WARN_BLOCK_CAPTURE_AUTORELEASING = YES;
				CLANG_WARN_BOOL_CONVERSION = YES;
				CLANG_WARN_COMMA = YES;
				CLANG_WARN_CONSTANT_CONVERSION = YES;
				CLANG_WARN_DEPRECATED_OBJC_IMPLEMENTATIONS = YES;
				CLANG_WARN_DIRECT_OBJC_ISA_USAGE = YES_ERROR;
				CLANG_WARN_DOCUMENTATION_COMMENTS = YES;
				CLANG_WARN_EMPTY_BODY = YES;
				CLANG_WARN_ENUM_CONVERSION = YES;
				CLANG_WARN_INFINITE_RECURSION = YES;
				CLANG_WARN_INT_CONVERSION = YES;
				CLANG_WARN_NON_LITERAL_NULL_CONVERSION = YES;
				CLANG_WARN_OBJC_IMPLICIT_RETAIN_SELF = YES;
				CLANG_WARN_OBJC_LITERAL_CONVERSION = YES;
				CLANG_WARN_OBJC_ROOT_CLASS = YES_ERROR;
				CLANG_WARN_RANGE_LOOP_ANALYSIS = YES;
				CLANG_WARN_STRICT_PROTOTYPES = YES;
				CLANG_WARN_SUSPICIOUS_MOVE = YES;
				CLANG_WARN_UNGUARDED_AVAILABILITY = YES_AGGRESSIVE;
				CLANG_WARN_UNREACHABLE_CODE = YES;
				CLANG_WARN__DUPLICATE_METHOD_MATCH = YES;
				COPY_PHASE_STRIP = NO;
				DEBUG_INFORMATION_FORMAT = "dwarf-with-dsym";
				ENABLE_NS_ASSERTIONS = NO;
				ENABLE_STRICT_OBJC_MSGSEND = YES;
				GCC_C_LANGUAGE_STANDARD = gnu11;
				GCC_NO_COMMON_BLOCKS = YES;
				GCC_WARN_64_TO_32_BIT_CONVERSION = YES;
				GCC_WARN_ABOUT_RETURN_TYPE = YES_ERROR;
				GCC_WARN_UNDECLARED_SELECTOR = YES;
				GCC_WARN_UNINITIALIZED_AUTOS = YES_AGGRESSIVE;
				GCC_WARN_UNUSED_FUNCTION = YES;
				GCC_WARN_UNUSED_VARIABLE = YES;
				IPHONEOS_DEPLOYMENT_TARGET = 13.2;
				MTL_ENABLE_DEBUG_INFO = NO;
				MTL_FAST_MATH = YES;
				SDKROOT = iphoneos;
				SWIFT_COMPILATION_MODE = wholemodule;
				SWIFT_OPTIMIZATION_LEVEL = "-O";
				VALIDATE_PRODUCT = YES;
			};
			name = Release;
		};
		E5500D3423FAF2AC00296DA3 /* Debug */ = {
			isa = XCBuildConfiguration;
			buildSettings = {
				ASSETCATALOG_COMPILER_APPICON_NAME = AppIcon;
				CODE_SIGN_STYLE = Automatic;
				DEVELOPMENT_TEAM = 5B74F682NG;
				INFOPLIST_FILE = TodoChecklist/Info.plist;
				LD_RUNPATH_SEARCH_PATHS = (
					"$(inherited)",
					"@executable_path/Frameworks",
				);
				PRODUCT_BUNDLE_IDENTIFIER = io.syntaks.TodoChecklist;
				PRODUCT_NAME = "$(TARGET_NAME)";
				SWIFT_VERSION = 5.0;
				TARGETED_DEVICE_FAMILY = "1,2";
			};
			name = Debug;
		};
		E5500D3523FAF2AC00296DA3 /* Release */ = {
			isa = XCBuildConfiguration;
			buildSettings = {
				ASSETCATALOG_COMPILER_APPICON_NAME = AppIcon;
				CODE_SIGN_STYLE = Automatic;
				DEVELOPMENT_TEAM = 5B74F682NG;
				INFOPLIST_FILE = TodoChecklist/Info.plist;
				LD_RUNPATH_SEARCH_PATHS = (
					"$(inherited)",
					"@executable_path/Frameworks",
				);
				PRODUCT_BUNDLE_IDENTIFIER = io.syntaks.TodoChecklist;
				PRODUCT_NAME = "$(TARGET_NAME)";
				SWIFT_VERSION = 5.0;
				TARGETED_DEVICE_FAMILY = "1,2";
			};
			name = Release;
		};
/* End XCBuildConfiguration section */

/* Begin XCConfigurationList section */
		E5500D1A23FAF2AB00296DA3 /* Build configuration list for PBXProject "TodoChecklist" */ = {
			isa = XCConfigurationList;
			buildConfigurations = (
				E5500D3123FAF2AC00296DA3 /* Debug */,
				E5500D3223FAF2AC00296DA3 /* Release */,
			);
			defaultConfigurationIsVisible = 0;
			defaultConfigurationName = Release;
		};
		E5500D3323FAF2AC00296DA3 /* Build configuration list for PBXNativeTarget "TodoChecklist" */ = {
			isa = XCConfigurationList;
			buildConfigurations = (
				E5500D3423FAF2AC00296DA3 /* Debug */,
				E5500D3523FAF2AC00296DA3 /* Release */,
			);
			defaultConfigurationIsVisible = 0;
			defaultConfigurationName = Release;
		};
/* End XCConfigurationList section */
	};
	rootObject = E5500D1723FAF2AB00296DA3 /* Project object */;
}
